<?xml version="1.0" encoding="utf-8"?>
<Project ToolsVersion="4.0" xmlns="http://schemas.microsoft.com/developer/msbuild/2003">
  <ItemGroup>
    <Filter Include="ソース ファイル">
      <UniqueIdentifier>{4FC737F1-C7A5-4376-A066-2A32D752A2FF}</UniqueIdentifier>
      <Extensions>cpp;c;cc;cxx;c++;cppm;ixx;def;odl;idl;hpj;bat;asm;asmx</Extensions>
    </Filter>
    <Filter Include="シェーダー ファイル">
      <UniqueIdentifier>{718c7f4c-fc51-40ad-a221-b9456a7a1a3c}</UniqueIdentifier>
    </Filter>
    <Filter Include="scene">
      <UniqueIdentifier>{1002bc06-2784-44a7-aa8b-bee2f68c4d5b}</UniqueIdentifier>
    </Filter>
    <Filter Include="play">
      <UniqueIdentifier>{1d279d67-e0c5-47dd-b522-134d58812efa}</UniqueIdentifier>
    </Filter>
    <Filter Include="math">
      <UniqueIdentifier>{67713be1-d18e-4f82-9acd-74dcbea4a42d}</UniqueIdentifier>
    </Filter>
    <Filter Include="level">
      <UniqueIdentifier>{9eafee51-0d90-4438-9359-76c06a5389c7}</UniqueIdentifier>
    </Filter>
  </ItemGroup>
  <ItemGroup>
    <ClCompile Include="main.cpp">
      <Filter>ソース ファイル</Filter>
    </ClCompile>
    <ClCompile Include="WorldTransformEx.cpp">
      <Filter>ソース ファイル</Filter>
    </ClCompile>
    <ClCompile Include="scene\GameScene.cpp">
      <Filter>scene</Filter>
    </ClCompile>
    <ClCompile Include="scene\TitleScene.cpp">
      <Filter>scene</Filter>
    </ClCompile>
    <ClCompile Include="scene\Stage.cpp">
      <Filter>scene</Filter>
    </ClCompile>
    <ClCompile Include="scene\LoadingScene.cpp">
      <Filter>scene</Filter>
    </ClCompile>
    <ClCompile Include="play\Goal.cpp">
      <Filter>play</Filter>
    </ClCompile>
    <ClCompile Include="play\Ball.cpp">
      <Filter>play</Filter>
    </ClCompile>
    <ClCompile Include="math\myMath.cpp">
      <Filter>math</Filter>
    </ClCompile>
    <ClCompile Include="scene\ResultScene.cpp">
      <Filter>scene</Filter>
    </ClCompile>
    <ClCompile Include="play\GameUI.cpp">
      <Filter>play</Filter>
    </ClCompile>
    <ClCompile Include="play\GameLogicManager.cpp">
      <Filter>play</Filter>
    </ClCompile>
    <ClCompile Include="level\LevelManager.cpp">
      <Filter>level</Filter>
    </ClCompile>
    <ClCompile Include="scene\StageSelectScene.cpp">
      <Filter>scene</Filter>
    </ClCompile>
  </ItemGroup>
  <ItemGroup>
    <FxCompile Include="Resources\shaders\SpritePS.hlsl">
      <Filter>シェーダー ファイル</Filter>
    </FxCompile>
    <FxCompile Include="Resources\shaders\SpriteVS.hlsl">
      <Filter>シェーダー ファイル</Filter>
    </FxCompile>
    <FxCompile Include="Resources\shaders\ShapeVS.hlsl">
      <Filter>シェーダー ファイル</Filter>
    </FxCompile>
    <FxCompile Include="Resources\shaders\ShapePS.hlsl">
      <Filter>シェーダー ファイル</Filter>
    </FxCompile>
    <FxCompile Include="Resources\shaders\ObjPS.hlsl">
      <Filter>シェーダー ファイル</Filter>
    </FxCompile>
    <FxCompile Include="Resources\shaders\ObjVS.hlsl">
      <Filter>シェーダー ファイル</Filter>
    </FxCompile>
    <FxCompile Include="Resources\shaders\PrimitivePS.hlsl">
      <Filter>シェーダー ファイル</Filter>
    </FxCompile>
    <FxCompile Include="Resources\shaders\PrimitiveVS.hlsl">
      <Filter>シェーダー ファイル</Filter>
    </FxCompile>
    <FxCompile Include="Resources\shaders\TerrainPS.hlsl">
      <Filter>シェーダー ファイル</Filter>
    </FxCompile>
    <FxCompile Include="Resources\shaders\TerrainVS.hlsl">
      <Filter>シェーダー ファイル</Filter>
    </FxCompile>
  </ItemGroup>
  <ItemGroup>
    <None Include="Resources\shaders\Sprite.hlsli">
      <Filter>シェーダー ファイル</Filter>
    </None>
    <None Include="Resources\shaders\Shape.hlsli">
      <Filter>シェーダー ファイル</Filter>
    </None>
    <None Include="Resources\shaders\Obj.hlsli">
      <Filter>シェーダー ファイル</Filter>
    </None>
    <None Include="Resources\shaders\Primitive.hlsli">
      <Filter>シェーダー ファイル</Filter>
    </None>
    <None Include="Resources\shaders\Terrain.hlsli">
      <Filter>シェーダー ファイル</Filter>
    </None>
  </ItemGroup>
  <ItemGroup>
    <ClInclude Include="scene\GameScene.h">
      <Filter>scene</Filter>
    </ClInclude>
    <ClInclude Include="scene\TitleScene.h">
      <Filter>scene</Filter>
    </ClInclude>
    <ClInclude Include="scene\Stage.h">
      <Filter>scene</Filter>
    </ClInclude>
    <ClInclude Include="scene\LoadingScene.h">
      <Filter>scene</Filter>
    </ClInclude>
    <ClInclude Include="scene\SceneState.h">
      <Filter>scene</Filter>
    </ClInclude>
    <ClInclude Include="play\Goal.h">
      <Filter>play</Filter>
    </ClInclude>
    <ClInclude Include="play\Ball.h">
      <Filter>play</Filter>
    </ClInclude>
    <ClInclude Include="math\myMath.h">
      <Filter>math</Filter>
    </ClInclude>
    <ClInclude Include="scene\ResultScene.h">
      <Filter>scene</Filter>
    </ClInclude>
    <ClInclude Include="play\GameUI.h">
      <Filter>play</Filter>
    </ClInclude>
    <ClInclude Include="play\GameLogicManager.h">
      <Filter>play</Filter>
    </ClInclude>
    <ClInclude Include="level\LevelManager.h">
      <Filter>level</Filter>
    </ClInclude>
    <ClInclude Include="scene\StageSelectScene.h">
      <Filter>scene</Filter>
    </ClInclude>
    <ClInclude Include="DebugLogger.h">
      <Filter>ソース ファイル</Filter>
    </ClInclude>
  </ItemGroup>
</Project>